{
  "nodes": {
    "hydra": {
      "inputs": {
        "nix": "nix",
        "nix-eval-jobs": "nix-eval-jobs",
        "nixpkgs": "nixpkgs"
      },
      "locked": {
        "lastModified": 1768396302,
        "narHash": "sha256-P83O7scGSQUQtkvS59oNgh6/VS3ef7AHupApuqTHKiQ=",
        "owner": "NixOS",
        "repo": "hydra",
        "rev": "9df4b65c672f0b123235d3123e84679048cd5df3",
        "type": "github"
      },
      "original": {
        "owner": "NixOS",
        "repo": "hydra",
        "type": "github"
      }
    },
    "nix": {
      "flake": false,
      "locked": {
        "lastModified": 1768160359,
        "narHash": "sha256-XDCQIrHNJKMYoL8hcUgzEbBHzINofkcsLRDr7tYa7Ac=",
        "owner": "NixOS",
        "repo": "nix",
        "rev": "b601b44de51f8d46530a99659f889027e1e7d670",
        "type": "github"
      },
      "original": {
        "owner": "NixOS",
        "ref": "2.32-maintenance",
        "repo": "nix",
        "type": "github"
      }
    },
    "nix-eval-jobs": {
      "flake": false,
      "locked": {
        "lastModified": 1760478325,
        "narHash": "sha256-hA+NOH8KDcsuvH7vJqSwk74PyZP3MtvI/l+CggZcnTc=",
        "owner": "nix-community",
        "repo": "nix-eval-jobs",
        "rev": "daa42f9e9c84aeff1e325dd50fda321f53dfd02c",
        "type": "github"
      },
      "original": {
        "owner": "nix-community",
        "ref": "v2.32.1",
        "repo": "nix-eval-jobs",
        "type": "github"
      }
    },
    "nixpkgs": {
      "locked": {
        "lastModified": 1768129980,
        "narHash": "sha256-QJ4xDnLGWTz6r844qXcfBYE14FX00PU7+BJthwJpiQQ=",
        "owner": "NixOS",
        "repo": "nixpkgs",
        "rev": "3bb0067937fe6c1adec9068b9ba24b1adc8defae",
        "type": "github"
      },
      "original": {
        "owner": "NixOS",
        "ref": "nixos-25.11-small",
        "repo": "nixpkgs",
        "type": "github"
      }
    },
    "nixpkgs_2": {
      "locked": {
        "lastModified": 1781577229,
        "narHash": "sha256-lrp67w8AulE9Ks53n27I45ADSzbOCn4H+CNW1Ck8B+8=",
        "owner": "NixOS",
        "repo": "nixpkgs",
        "rev": "567a49d1913ce81ac6e9582e3553dd90a955875f",
        "type": "github"
      },
      "original": {
        "owner": "NixOS",
        "ref": "nixos-unstable",
        "repo": "nixpkgs",
        "type": "github"
      }
    },
    "root": {
      "inputs": {
        "hydra": "hydra",
        "nixpkgs": "nixpkgs_2",
        "snix": "snix"
      }
    },
    "snix": {
      "flake": false,
      "locked": {
        "lastModified": 1784554338,
        "narHash": "sha256-DlcFdurJO8UwP0hgPPLvIXS3zciDrNV3nvnZxa2mVec=",
        "ref": "refs/heads/canon",
        "rev": "f9ac266ad6378399524bd0a6fc966b4014f56069",
        "revCount": 22593,
        "type": "git",
        "url": "https://git.snix.dev/snix/snix.git"
      },
      "original": {
        "type": "git",
        "url": "https://git.snix.dev/snix/snix.git"
      }
    }
  },
  "root": "root",
  "version": 7
}
